// !$*UTF8*$!
{
	archiveVersion = 1;
	classes = {
	};
	objectVersion = 55;
	objects = {

/* Begin PBXBuildFile section */
		393A657D278A32D40042DBC8 /* AppDelegate.swift in Sources */ = {isa = PBXBuildFile; fileRef = 393A657C278A32D40042DBC8 /* AppDelegate.swift */; };
		393A657F278A32D40042DBC8 /* SceneDelegate.swift in Sources */ = {isa = PBXBuildFile; fileRef = 393A657E278A32D40042DBC8 /* SceneDelegate.swift */; };
		393A6581278A32D40042DBC8 /* HomeViewController.swift in Sources */ = {isa = PBXBuildFile; fileRef = 393A6580278A32D40042DBC8 /* HomeViewController.swift */; };
		393A6587278A32D40042DBC8 /* LeboncoinTechnicalTest.xcdatamodeld in Sources */ = {isa = PBXBuildFile; fileRef = 393A6585278A32D40042DBC8 /* LeboncoinTechnicalTest.xcdatamodeld */; };
		393A6589278A32D50042DBC8 /* Assets.xcassets in Resources */ = {isa = PBXBuildFile; fileRef = 393A6588278A32D50042DBC8 /* Assets.xcassets */; };
		393A658C278A32D50042DBC8 /* LaunchScreen.storyboard in Resources */ = {isa = PBXBuildFile; fileRef = 393A658A278A32D50042DBC8 /* LaunchScreen.storyboard */; };
		393A6597278A32D50042DBC8 /* LeboncoinTechnicalTestTests.swift in Sources */ = {isa = PBXBuildFile; fileRef = 393A6596278A32D50042DBC8 /* LeboncoinTechnicalTestTests.swift */; };
		393A65A1278A32D50042DBC8 /* LeboncoinTechnicalTestUITests.swift in Sources */ = {isa = PBXBuildFile; fileRef = 393A65A0278A32D50042DBC8 /* LeboncoinTechnicalTestUITests.swift */; };
		393A65A3278A32D50042DBC8 /* LeboncoinTechnicalTestUITestsLaunchTests.swift in Sources */ = {isa = PBXBuildFile; fileRef = 393A65A2278A32D50042DBC8 /* LeboncoinTechnicalTestUITestsLaunchTests.swift */; };
		396F53D1278A6B49005FDB88 /* BaseViewController.swift in Sources */ = {isa = PBXBuildFile; fileRef = 396F53D0278A6B49005FDB88 /* BaseViewController.swift */; };
		396F53D3278A6E2D005FDB88 /* Constants.swift in Sources */ = {isa = PBXBuildFile; fileRef = 396F53D2278A6E2D005FDB88 /* Constants.swift */; };
		396F53D7278A7126005FDB88 /* RequestManager.swift in Sources */ = {isa = PBXBuildFile; fileRef = 396F53D6278A7126005FDB88 /* RequestManager.swift */; };
		396F53DA278B16DE005FDB88 /* ProductResponse.swift in Sources */ = {isa = PBXBuildFile; fileRef = 396F53D9278B16DE005FDB88 /* ProductResponse.swift */; };
		396F53DD278B44B7005FDB88 /* ProductWorker.swift in Sources */ = {isa = PBXBuildFile; fileRef = 396F53DC278B44B7005FDB88 /* ProductWorker.swift */; };
		396F53DF278B7115005FDB88 /* CategoryWorker.swift in Sources */ = {isa = PBXBuildFile; fileRef = 396F53DE278B7115005FDB88 /* CategoryWorker.swift */; };
		396F53E1278B713A005FDB88 /* CategoryResponse.swift in Sources */ = {isa = PBXBuildFile; fileRef = 396F53E0278B713A005FDB88 /* CategoryResponse.swift */; };
		396F53E6278B81F8005FDB88 /* ProductDetailsViewController.swift in Sources */ = {isa = PBXBuildFile; fileRef = 396F53E5278B81F8005FDB88 /* ProductDetailsViewController.swift */; };
		396F53EB278B8407005FDB88 /* ProductTableViewCell.swift in Sources */ = {isa = PBXBuildFile; fileRef = 396F53EA278B8407005FDB88 /* ProductTableViewCell.swift */; };
		396F53ED278B8522005FDB88 /* DownloadImage.swift in Sources */ = {isa = PBXBuildFile; fileRef = 396F53EC278B8522005FDB88 /* DownloadImage.swift */; };
		396F5406278C79D6005FDB88 /* DB_Product.swift in Sources */ = {isa = PBXBuildFile; fileRef = 396F5402278C79D6005FDB88 /* DB_Product.swift */; };
		396F5408278C79D6005FDB88 /* DB_Category.swift in Sources */ = {isa = PBXBuildFile; fileRef = 396F5404278C79D6005FDB88 /* DB_Category.swift */; };
		39C6677A278CB4820056F69D /* ProductViewModel.swift in Sources */ = {isa = PBXBuildFile; fileRef = 39C66779278CB4820056F69D /* ProductViewModel.swift */; };
		39C667BC278DBFDF0056F69D /* DBProductManager.swift in Sources */ = {isa = PBXBuildFile; fileRef = 39C667BB278DBFDF0056F69D /* DBProductManager.swift */; };
		39C667BE278DCA320056F69D /* DBCategoryManager.swift in Sources */ = {isa = PBXBuildFile; fileRef = 39C667BD278DCA320056F69D /* DBCategoryManager.swift */; };
		39C667C0278DCA950056F69D /* CategoryViewModel.swift in Sources */ = {isa = PBXBuildFile; fileRef = 39C667BF278DCA950056F69D /* CategoryViewModel.swift */; };
/* End PBXBuildFile section */

/* Begin PBXContainerItemProxy section */
		393A6593278A32D50042DBC8 /* PBXContainerItemProxy */ = {
			isa = PBXContainerItemProxy;
			containerPortal = 393A6571278A32D40042DBC8 /* Project object */;
			proxyType = 1;
			remoteGlobalIDString = 393A6578278A32D40042DBC8;
			remoteInfo = LeboncoinTechnicalTest;
		};
		393A659D278A32D50042DBC8 /* PBXContainerItemProxy */ = {
			isa = PBXContainerItemProxy;
			containerPortal = 393A6571278A32D40042DBC8 /* Project object */;
			proxyType = 1;
			remoteGlobalIDString = 393A6578278A32D40042DBC8;
			remoteInfo = LeboncoinTechnicalTest;
		};
/* End PBXContainerItemProxy section */

/* Begin PBXFileReference section */
		393A6579278A32D40042DBC8 /* LeboncoinTechnicalTest.app */ = {isa = PBXFileReference; explicitFileType = wrapper.application; includeInIndex = 0; path = LeboncoinTechnicalTest.app; sourceTree = BUILT_PRODUCTS_DIR; };
		393A657C278A32D40042DBC8 /* AppDelegate.swift */ = {isa = PBXFileReference; lastKnownFileType = sourcecode.swift; path = AppDelegate.swift; sourceTree = "<group>"; };
		393A657E278A32D40042DBC8 /* SceneDelegate.swift */ = {isa = PBXFileReference; lastKnownFileType = sourcecode.swift; path = SceneDelegate.swift; sourceTree = "<group>"; };
		393A6580278A32D40042DBC8 /* HomeViewController.swift */ = {isa = PBXFileReference; lastKnownFileType = sourcecode.swift; path = HomeViewController.swift; sourceTree = "<group>"; };
		393A6586278A32D40042DBC8 /* LeboncoinTechnicalTest.xcdatamodel */ = {isa = PBXFileReference; lastKnownFileType = wrapper.xcdatamodel; path = LeboncoinTechnicalTest.xcdatamodel; sourceTree = "<group>"; };
		393A6588278A32D50042DBC8 /* Assets.xcassets */ = {isa = PBXFileReference; lastKnownFileType = folder.assetcatalog; path = Assets.xcassets; sourceTree = "<group>"; };
		393A658B278A32D50042DBC8 /* Base */ = {isa = PBXFileReference; lastKnownFileType = file.storyboard; name = Base; path = Base.lproj/LaunchScreen.storyboard; sourceTree = "<group>"; };
		393A658D278A32D50042DBC8 /* Info.plist */ = {isa = PBXFileReference; lastKnownFileType = text.plist.xml; path = Info.plist; sourceTree = "<group>"; };
		393A6592278A32D50042DBC8 /* LeboncoinTechnicalTestTests.xctest */ = {isa = PBXFileReference; explicitFileType = wrapper.cfbundle; includeInIndex = 0; path = LeboncoinTechnicalTestTests.xctest; sourceTree = BUILT_PRODUCTS_DIR; };
		393A6596278A32D50042DBC8 /* LeboncoinTechnicalTestTests.swift */ = {isa = PBXFileReference; lastKnownFileType = sourcecode.swift; path = LeboncoinTechnicalTestTests.swift; sourceTree = "<group>"; };
		393A659C278A32D50042DBC8 /* LeboncoinTechnicalTestUITests.xctest */ = {isa = PBXFileReference; explicitFileType = wrapper.cfbundle; includeInIndex = 0; path = LeboncoinTechnicalTestUITests.xctest; sourceTree = BUILT_PRODUCTS_DIR; };
		393A65A0278A32D50042DBC8 /* LeboncoinTechnicalTestUITests.swift */ = {isa = PBXFileReference; lastKnownFileType = sourcecode.swift; path = LeboncoinTechnicalTestUITests.swift; sourceTree = "<group>"; };
		393A65A2278A32D50042DBC8 /* LeboncoinTechnicalTestUITestsLaunchTests.swift */ = {isa = PBXFileReference; lastKnownFileType = sourcecode.swift; path = LeboncoinTechnicalTestUITestsLaunchTests.swift; sourceTree = "<group>"; };
		396F53D0278A6B49005FDB88 /* BaseViewController.swift */ = {isa = PBXFileReference; lastKnownFileType = sourcecode.swift; path = BaseViewController.swift; sourceTree = "<group>"; };
		396F53D2278A6E2D005FDB88 /* Constants.swift */ = {isa = PBXFileReference; lastKnownFileType = sourcecode.swift; path = Constants.swift; sourceTree = "<group>"; };
		396F53D6278A7126005FDB88 /* RequestManager.swift */ = {isa = PBXFileReference; lastKnownFileType = sourcecode.swift; path = RequestManager.swift; sourceTree = "<group>"; };
		396F53D9278B16DE005FDB88 /* ProductResponse.swift */ = {isa = PBXFileReference; lastKnownFileType = sourcecode.swift; path = ProductResponse.swift; sourceTree = "<group>"; };
		396F53DC278B44B7005FDB88 /* ProductWorker.swift */ = {isa = PBXFileReference; lastKnownFileType = sourcecode.swift; path = ProductWorker.swift; sourceTree = "<group>"; };
		396F53DE278B7115005FDB88 /* CategoryWorker.swift */ = {isa = PBXFileReference; lastKnownFileType = sourcecode.swift; path = CategoryWorker.swift; sourceTree = "<group>"; };
		396F53E0278B713A005FDB88 /* CategoryResponse.swift */ = {isa = PBXFileReference; lastKnownFileType = sourcecode.swift; path = CategoryResponse.swift; sourceTree = "<group>"; };
		396F53E5278B81F8005FDB88 /* ProductDetailsViewController.swift */ = {isa = PBXFileReference; lastKnownFileType = sourcecode.swift; path = ProductDetailsViewController.swift; sourceTree = "<group>"; };
		396F53EA278B8407005FDB88 /* ProductTableViewCell.swift */ = {isa = PBXFileReference; lastKnownFileType = sourcecode.swift; path = ProductTableViewCell.swift; sourceTree = "<group>"; };
		396F53EC278B8522005FDB88 /* DownloadImage.swift */ = {isa = PBXFileReference; lastKnownFileType = sourcecode.swift; path = DownloadImage.swift; sourceTree = "<group>"; };
		396F5402278C79D6005FDB88 /* DB_Product.swift */ = {isa = PBXFileReference; lastKnownFileType = sourcecode.swift; path = DB_Product.swift; sourceTree = "<group>"; };
		396F5404278C79D6005FDB88 /* DB_Category.swift */ = {isa = PBXFileReference; lastKnownFileType = sourcecode.swift; path = DB_Category.swift; sourceTree = "<group>"; };
		39C66779278CB4820056F69D /* ProductViewModel.swift */ = {isa = PBXFileReference; lastKnownFileType = sourcecode.swift; path = ProductViewModel.swift; sourceTree = "<group>"; };
		39C667BB278DBFDF0056F69D /* DBProductManager.swift */ = {isa = PBXFileReference; lastKnownFileType = sourcecode.swift; path = DBProductManager.swift; sourceTree = "<group>"; };
		39C667BD278DCA320056F69D /* DBCategoryManager.swift */ = {isa = PBXFileReference; lastKnownFileType = sourcecode.swift; path = DBCategoryManager.swift; sourceTree = "<group>"; };
		39C667BF278DCA950056F69D /* CategoryViewModel.swift */ = {isa = PBXFileReference; lastKnownFileType = sourcecode.swift; path = CategoryViewModel.swift; sourceTree = "<group>"; };
/* End PBXFileReference section */

/* Begin PBXFrameworksBuildPhase section */
		393A6576278A32D40042DBC8 /* Frameworks */ = {
			isa = PBXFrameworksBuildPhase;
			buildActionMask = 2147483647;
			files = (
			);
			runOnlyForDeploymentPostprocessing = 0;
		};
		393A658F278A32D50042DBC8 /* Frameworks */ = {
			isa = PBXFrameworksBuildPhase;
			buildActionMask = 2147483647;
			files = (
			);
			runOnlyForDeploymentPostprocessing = 0;
		};
		393A6599278A32D50042DBC8 /* Frameworks */ = {
			isa = PBXFrameworksBuildPhase;
			buildActionMask = 2147483647;
			files = (
			);
			runOnlyForDeploymentPostprocessing = 0;
		};
/* End PBXFrameworksBuildPhase section */

/* Begin PBXGroup section */
		393A6570278A32D40042DBC8 = {
			isa = PBXGroup;
			children = (
				393A657B278A32D40042DBC8 /* LeboncoinTechnicalTest */,
				393A6595278A32D50042DBC8 /* LeboncoinTechnicalTestTests */,
				393A659F278A32D50042DBC8 /* LeboncoinTechnicalTestUITests */,
				393A657A278A32D40042DBC8 /* Products */,
			);
			sourceTree = "<group>";
		};
		393A657A278A32D40042DBC8 /* Products */ = {
			isa = PBXGroup;
			children = (
				393A6579278A32D40042DBC8 /* LeboncoinTechnicalTest.app */,
				393A6592278A32D50042DBC8 /* LeboncoinTechnicalTestTests.xctest */,
				393A659C278A32D50042DBC8 /* LeboncoinTechnicalTestUITests.xctest */,
			);
			name = Products;
			sourceTree = "<group>";
		};
		393A657B278A32D40042DBC8 /* LeboncoinTechnicalTest */ = {
			isa = PBXGroup;
			children = (
				396F53E2278B81C0005FDB88 /* Modules */,
				39C66778278CB46F0056F69D /* ViewModel */,
				396F53E8278B8261005FDB88 /* Data */,
				396F53DB278B4496005FDB88 /* Worker */,
				396F53D8278B16B4005FDB88 /* Response */,
				396F53D5278A7105005FDB88 /* Network */,
				396F53E7278B8229005FDB88 /* Ressources */,
				396F53CF278A6B24005FDB88 /* Helpers */,
			);
			path = LeboncoinTechnicalTest;
			sourceTree = "<group>";
		};
		393A6595278A32D50042DBC8 /* LeboncoinTechnicalTestTests */ = {
			isa = PBXGroup;
			children = (
				393A6596278A32D50042DBC8 /* LeboncoinTechnicalTestTests.swift */,
			);
			path = LeboncoinTechnicalTestTests;
			sourceTree = "<group>";
		};
		393A659F278A32D50042DBC8 /* LeboncoinTechnicalTestUITests */ = {
			isa = PBXGroup;
			children = (
				393A65A0278A32D50042DBC8 /* LeboncoinTechnicalTestUITests.swift */,
				393A65A2278A32D50042DBC8 /* LeboncoinTechnicalTestUITestsLaunchTests.swift */,
			);
			path = LeboncoinTechnicalTestUITests;
			sourceTree = "<group>";
		};
		396F53CF278A6B24005FDB88 /* Helpers */ = {
			isa = PBXGroup;
			children = (
				396F53EC278B8522005FDB88 /* DownloadImage.swift */,
				396F53D0278A6B49005FDB88 /* BaseViewController.swift */,
				396F53D2278A6E2D005FDB88 /* Constants.swift */,
			);
			path = Helpers;
			sourceTree = "<group>";
		};
		396F53D5278A7105005FDB88 /* Network */ = {
			isa = PBXGroup;
			children = (
				396F53D6278A7126005FDB88 /* RequestManager.swift */,
			);
			path = Network;
			sourceTree = "<group>";
		};
		396F53D8278B16B4005FDB88 /* Response */ = {
			isa = PBXGroup;
			children = (
				396F53D9278B16DE005FDB88 /* ProductResponse.swift */,
				396F53E0278B713A005FDB88 /* CategoryResponse.swift */,
			);
			path = Response;
			sourceTree = "<group>";
		};
		396F53DB278B4496005FDB88 /* Worker */ = {
			isa = PBXGroup;
			children = (
				396F53DC278B44B7005FDB88 /* ProductWorker.swift */,
				396F53DE278B7115005FDB88 /* CategoryWorker.swift */,
			);
			path = Worker;
			sourceTree = "<group>";
		};
		396F53E2278B81C0005FDB88 /* Modules */ = {
			isa = PBXGroup;
			children = (
				393A657C278A32D40042DBC8 /* AppDelegate.swift */,
				393A657E278A32D40042DBC8 /* SceneDelegate.swift */,
				396F53E3278B81C8005FDB88 /* Home */,
				396F53E4278B81D1005FDB88 /* Details */,
				396F53E9278B826F005FDB88 /* SplashScreen */,
			);
			path = Modules;
			sourceTree = "<group>";
		};
		396F53E3278B81C8005FDB88 /* Home */ = {
			isa = PBXGroup;
			children = (
				39C667C4278E02C30056F69D /* Cell */,
				393A6580278A32D40042DBC8 /* HomeViewController.swift */,
			);
			path = Home;
			sourceTree = "<group>";
		};
		396F53E4278B81D1005FDB88 /* Details */ = {
			isa = PBXGroup;
			children = (
				396F53E5278B81F8005FDB88 /* ProductDetailsViewController.swift */,
			);
			path = Details;
			sourceTree = "<group>";
		};
		396F53E7278B8229005FDB88 /* Ressources */ = {
			isa = PBXGroup;
			children = (
				393A6588278A32D50042DBC8 /* Assets.xcassets */,
				393A658D278A32D50042DBC8 /* Info.plist */,
			);
			path = Ressources;
			sourceTree = "<group>";
		};
		396F53E8278B8261005FDB88 /* Data */ = {
			isa = PBXGroup;
			children = (
				39C66774278CAAD60056F69D /* DB Product */,
				39C66775278CAAE30056F69D /* DB Category */,
				393A6585278A32D40042DBC8 /* LeboncoinTechnicalTest.xcdatamodeld */,
			);
			path = Data;
			sourceTree = "<group>";
		};
		396F53E9278B826F005FDB88 /* SplashScreen */ = {
			isa = PBXGroup;
			children = (
				393A658A278A32D50042DBC8 /* LaunchScreen.storyboard */,
			);
			path = SplashScreen;
			sourceTree = "<group>";
		};
		39C66774278CAAD60056F69D /* DB Product */ = {
			isa = PBXGroup;
			children = (
				396F5402278C79D6005FDB88 /* DB_Product.swift */,
				39C667BB278DBFDF0056F69D /* DBProductManager.swift */,
			);
			path = "DB Product";
			sourceTree = "<group>";
		};
		39C66775278CAAE30056F69D /* DB Category */ = {
			isa = PBXGroup;
			children = (
				396F5404278C79D6005FDB88 /* DB_Category.swift */,
				39C667BD278DCA320056F69D /* DBCategoryManager.swift */,
			);
			path = "DB Category";
			sourceTree = "<group>";
		};
		39C66778278CB46F0056F69D /* ViewModel */ = {
			isa = PBXGroup;
			children = (
				39C66779278CB4820056F69D /* ProductViewModel.swift */,
				39C667BF278DCA950056F69D /* CategoryViewModel.swift */,
			);
			path = ViewModel;
			sourceTree = "<group>";
		};
		39C667C4278E02C30056F69D /* Cell */ = {
			isa = PBXGroup;
			children = (
				396F53EA278B8407005FDB88 /* ProductTableViewCell.swift */,
			);
			path = Cell;
			sourceTree = "<group>";
		};
/* End PBXGroup section */

/* Begin PBXNativeTarget section */
		393A6578278A32D40042DBC8 /* LeboncoinTechnicalTest */ = {
			isa = PBXNativeTarget;
			buildConfigurationList = 393A65A6278A32D50042DBC8 /* Build configuration list for PBXNativeTarget "LeboncoinTechnicalTest" */;
			buildPhases = (
				393A6575278A32D40042DBC8 /* Sources */,
				393A6576278A32D40042DBC8 /* Frameworks */,
				393A6577278A32D40042DBC8 /* Resources */,
			);
			buildRules = (
			);
			dependencies = (
			);
			name = LeboncoinTechnicalTest;
			productName = LeboncoinTechnicalTest;
			productReference = 393A6579278A32D40042DBC8 /* LeboncoinTechnicalTest.app */;
			productType = "com.apple.product-type.application";
		};
		393A6591278A32D50042DBC8 /* LeboncoinTechnicalTestTests */ = {
			isa = PBXNativeTarget;
			buildConfigurationList = 393A65A9278A32D50042DBC8 /* Build configuration list for PBXNativeTarget "LeboncoinTechnicalTestTests" */;
			buildPhases = (
				393A658E278A32D50042DBC8 /* Sources */,
				393A658F278A32D50042DBC8 /* Frameworks */,
				393A6590278A32D50042DBC8 /* Resources */,
			);
			buildRules = (
			);
			dependencies = (
				393A6594278A32D50042DBC8 /* PBXTargetDependency */,
			);
			name = LeboncoinTechnicalTestTests;
			productName = LeboncoinTechnicalTestTests;
			productReference = 393A6592278A32D50042DBC8 /* LeboncoinTechnicalTestTests.xctest */;
			productType = "com.apple.product-type.bundle.unit-test";
		};
		393A659B278A32D50042DBC8 /* LeboncoinTechnicalTestUITests */ = {
			isa = PBXNativeTarget;
			buildConfigurationList = 393A65AC278A32D50042DBC8 /* Build configuration list for PBXNativeTarget "LeboncoinTechnicalTestUITests" */;
			buildPhases = (
				393A6598278A32D50042DBC8 /* Sources */,
				393A6599278A32D50042DBC8 /* Frameworks */,
				393A659A278A32D50042DBC8 /* Resources */,
			);
			buildRules = (
			);
			dependencies = (
				393A659E278A32D50042DBC8 /* PBXTargetDependency */,
			);
			name = LeboncoinTechnicalTestUITests;
			productName = LeboncoinTechnicalTestUITests;
			productReference = 393A659C278A32D50042DBC8 /* LeboncoinTechnicalTestUITests.xctest */;
			productType = "com.apple.product-type.bundle.ui-testing";
		};
/* End PBXNativeTarget section */

/* Begin PBXProject section */
		393A6571278A32D40042DBC8 /* Project object */ = {
			isa = PBXProject;
			attributes = {
				BuildIndependentTargetsInParallel = 1;
				LastSwiftUpdateCheck = 1320;
				LastUpgradeCheck = 1320;
				TargetAttributes = {
					393A6578278A32D40042DBC8 = {
						CreatedOnToolsVersion = 13.2.1;
					};
					393A6591278A32D50042DBC8 = {
						CreatedOnToolsVersion = 13.2.1;
						TestTargetID = 393A6578278A32D40042DBC8;
					};
					393A659B278A32D50042DBC8 = {
						CreatedOnToolsVersion = 13.2.1;
						TestTargetID = 393A6578278A32D40042DBC8;
					};
				};
			};
			buildConfigurationList = 393A6574278A32D40042DBC8 /* Build configuration list for PBXProject "LeboncoinTechnicalTest" */;
			compatibilityVersion = "Xcode 13.0";
			developmentRegion = en;
			hasScannedForEncodings = 0;
			knownRegions = (
				en,
				Base,
			);
			mainGroup = 393A6570278A32D40042DBC8;
			productRefGroup = 393A657A278A32D40042DBC8 /* Products */;
			projectDirPath = "";
			projectRoot = "";
			targets = (
				393A6578278A32D40042DBC8 /* LeboncoinTechnicalTest */,
				393A6591278A32D50042DBC8 /* LeboncoinTechnicalTestTests */,
				393A659B278A32D50042DBC8 /* LeboncoinTechnicalTestUITests */,
			);
		};
/* End PBXProject section */

/* Begin PBXResourcesBuildPhase section */
		393A6577278A32D40042DBC8 /* Resources */ = {
			isa = PBXResourcesBuildPhase;
			buildActionMask = 2147483647;
			files = (
				393A658C278A32D50042DBC8 /* LaunchScreen.storyboard in Resources */,
				393A6589278A32D50042DBC8 /* Assets.xcassets in Resources */,
			);
			runOnlyForDeploymentPostprocessing = 0;
		};
		393A6590278A32D50042DBC8 /* Resources */ = {
			isa = PBXResourcesBuildPhase;
			buildActionMask = 2147483647;
			files = (
			);
			runOnlyForDeploymentPostprocessing = 0;
		};
		393A659A278A32D50042DBC8 /* Resources */ = {
			isa = PBXResourcesBuildPhase;
			buildActionMask = 2147483647;
			files = (
			);
			runOnlyForDeploymentPostprocessing = 0;
		};
/* End PBXResourcesBuildPhase section */

/* Begin PBXSourcesBuildPhase section */
		393A6575278A32D40042DBC8 /* Sources */ = {
			isa = PBXSourcesBuildPhase;
			buildActionMask = 2147483647;
			files = (
				396F53DA278B16DE005FDB88 /* ProductResponse.swift in Sources */,
				396F53DF278B7115005FDB88 /* CategoryWorker.swift in Sources */,
				396F53D1278A6B49005FDB88 /* BaseViewController.swift in Sources */,
				396F5408278C79D6005FDB88 /* DB_Category.swift in Sources */,
				396F53E6278B81F8005FDB88 /* ProductDetailsViewController.swift in Sources */,
				39C667BE278DCA320056F69D /* DBCategoryManager.swift in Sources */,
				39C667BC278DBFDF0056F69D /* DBProductManager.swift in Sources */,
				39C667C0278DCA950056F69D /* CategoryViewModel.swift in Sources */,
				393A6581278A32D40042DBC8 /* HomeViewController.swift in Sources */,
				393A657D278A32D40042DBC8 /* AppDelegate.swift in Sources */,
				393A657F278A32D40042DBC8 /* SceneDelegate.swift in Sources */,
				396F53ED278B8522005FDB88 /* DownloadImage.swift in Sources */,
				396F53EB278B8407005FDB88 /* ProductTableViewCell.swift in Sources */,
				396F5406278C79D6005FDB88 /* DB_Product.swift in Sources */,
				396F53D7278A7126005FDB88 /* RequestManager.swift in Sources */,
				393A6587278A32D40042DBC8 /* LeboncoinTechnicalTest.xcdatamodeld in Sources */,
				39C6677A278CB4820056F69D /* ProductViewModel.swift in Sources */,
				396F53DD278B44B7005FDB88 /* ProductWorker.swift in Sources */,
				396F53E1278B713A005FDB88 /* CategoryResponse.swift in Sources */,
				396F53D3278A6E2D005FDB88 /* Constants.swift in Sources */,
			);
			runOnlyForDeploymentPostprocessing = 0;
		};
		393A658E278A32D50042DBC8 /* Sources */ = {
			isa = PBXSourcesBuildPhase;
			buildActionMask = 2147483647;
			files = (
				393A6597278A32D50042DBC8 /* LeboncoinTechnicalTestTests.swift in Sources */,
			);
			runOnlyForDeploymentPostprocessing = 0;
		};
		393A6598278A32D50042DBC8 /* Sources */ = {
			isa = PBXSourcesBuildPhase;
			buildActionMask = 2147483647;
			files = (
				393A65A3278A32D50042DBC8 /* LeboncoinTechnicalTestUITestsLaunchTests.swift in Sources */,
				393A65A1278A32D50042DBC8 /* LeboncoinTechnicalTestUITests.swift in Sources */,
			);
			runOnlyForDeploymentPostprocessing = 0;
		};
/* End PBXSourcesBuildPhase section */

/* Begin PBXTargetDependency section */
		393A6594278A32D50042DBC8 /* PBXTargetDependency */ = {
			isa = PBXTargetDependency;
			target = 393A6578278A32D40042DBC8 /* LeboncoinTechnicalTest */;
			targetProxy = 393A6593278A32D50042DBC8 /* PBXContainerItemProxy */;
		};
		393A659E278A32D50042DBC8 /* PBXTargetDependency */ = {
			isa = PBXTargetDependency;
			target = 393A6578278A32D40042DBC8 /* LeboncoinTechnicalTest */;
			targetProxy = 393A659D278A32D50042DBC8 /* PBXContainerItemProxy */;
		};
/* End PBXTargetDependency section */

/* Begin PBXVariantGroup section */
		393A658A278A32D50042DBC8 /* LaunchScreen.storyboard */ = {
			isa = PBXVariantGroup;
			children = (
				393A658B278A32D50042DBC8 /* Base */,
			);
			name = LaunchScreen.storyboard;
			sourceTree = "<group>";
		};
/* End PBXVariantGroup section */

/* Begin XCBuildConfiguration section */
		393A65A4278A32D50042DBC8 /* Debug */ = {
			isa = XCBuildConfiguration;
			buildSettings = {
				ALWAYS_SEARCH_USER_PATHS = NO;
				CLANG_ANALYZER_NONNULL = YES;
				CLANG_ANALYZER_NUMBER_OBJECT_CONVERSION = YES_AGGRESSIVE;
				CLANG_CXX_LANGUAGE_STANDARD = "gnu++17";
				CLANG_CXX_LIBRARY = "libc++";
				CLANG_ENABLE_MODULES = YES;
				CLANG_ENABLE_OBJC_ARC = YES;
				CLANG_ENABLE_OBJC_WEAK = YES;
				CLANG_WARN_BLOCK_CAPTURE_AUTORELEASING = YES;
				CLANG_WARN_BOOL_CONVERSION = YES;
				CLANG_WARN_COMMA = YES;
				CLANG_WARN_CONSTANT_CONVERSION = YES;
				CLANG_WARN_DEPRECATED_OBJC_IMPLEMENTATIONS = YES;
				CLANG_WARN_DIRECT_OBJC_ISA_USAGE = YES_ERROR;
				CLANG_WARN_DOCUMENTATION_COMMENTS = YES;
				CLANG_WARN_EMPTY_BODY = YES;
				CLANG_WARN_ENUM_CONVERSION = YES;
				CLANG_WARN_INFINITE_RECURSION = YES;
				CLANG_WARN_INT_CONVERSION = YES;
				CLANG_WARN_NON_LITERAL_NULL_CONVERSION = YES;
				CLANG_WARN_OBJC_IMPLICIT_RETAIN_SELF = YES;
				CLANG_WARN_OBJC_LITERAL_CONVERSION = YES;
				CLANG_WARN_OBJC_ROOT_CLASS = YES_ERROR;
				CLANG_WARN_QUOTED_INCLUDE_IN_FRAMEWORK_HEADER = YES;
				CLANG_WARN_RANGE_LOOP_ANALYSIS = YES;
				CLANG_WARN_STRICT_PROTOTYPES = YES;
				CLANG_WARN_SUSPICIOUS_MOVE = YES;
				CLANG_WARN_UNGUARDED_AVAILABILITY = YES_AGGRESSIVE;
				CLANG_WARN_UNREACHABLE_CODE = YES;
				CLANG_WARN__DUPLICATE_METHOD_MATCH = YES;
				COPY_PHASE_STRIP = NO;
				DEBUG_INFORMATION_FORMAT = dwarf;
				ENABLE_STRICT_OBJC_MSGSEND = YES;
				ENABLE_TESTABILITY = YES;
				GCC_C_LANGUAGE_STANDARD = gnu11;
				GCC_DYNAMIC_NO_PIC = NO;
				GCC_NO_COMMON_BLOCKS = YES;
				GCC_OPTIMIZATION_LEVEL = 0;
				GCC_PREPROCESSOR_DEFINITIONS = (
					"DEBUG=1",
					"$(inherited)",
				);
				GCC_WARN_64_TO_32_BIT_CONVERSION = YES;
				GCC_WARN_ABOUT_RETURN_TYPE = YES_ERROR;
				GCC_WARN_UNDECLARED_SELECTOR = YES;
				GCC_WARN_UNINITIALIZED_AUTOS = YES_AGGRESSIVE;
				GCC_WARN_UNUSED_FUNCTION = YES;
				GCC_WARN_UNUSED_VARIABLE = YES;
				IPHONEOS_DEPLOYMENT_TARGET = 14.0;
				MTL_ENABLE_DEBUG_INFO = INCLUDE_SOURCE;
				MTL_FAST_MATH = YES;
				ONLY_ACTIVE_ARCH = YES;
				SDKROOT = iphoneos;
				SWIFT_ACTIVE_COMPILATION_CONDITIONS = DEBUG;
				SWIFT_OPTIMIZATION_LEVEL = "-Onone";
			};
			name = Debug;
		};
		393A65A5278A32D50042DBC8 /* Release */ = {
			isa = XCBuildConfiguration;
			buildSettings = {
				ALWAYS_SEARCH_USER_PATHS = NO;
				CLANG_ANALYZER_NONNULL = YES;
				CLANG_ANALYZER_NUMBER_OBJECT_CONVERSION = YES_AGGRESSIVE;
				CLANG_CXX_LANGUAGE_STANDARD = "gnu++17";
				CLANG_CXX_LIBRARY = "libc++";
				CLANG_ENABLE_MODULES = YES;
				CLANG_ENABLE_OBJC_ARC = YES;
				CLANG_ENABLE_OBJC_WEAK = YES;
				CLANG_WARN_BLOCK_CAPTURE_AUTORELEASING = YES;
				CLANG_WARN_BOOL_CONVERSION = YES;
				CLANG_WARN_COMMA = YES;
				CLANG_WARN_CONSTANT_CONVERSION = YES;
				CLANG_WARN_DEPRECATED_OBJC_IMPLEMENTATIONS = YES;
				CLANG_WARN_DIRECT_OBJC_ISA_USAGE = YES_ERROR;
				CLANG_WARN_DOCUMENTATION_COMMENTS = YES;
				CLANG_WARN_EMPTY_BODY = YES;
				CLANG_WARN_ENUM_CONVERSION = YES;
				CLANG_WARN_INFINITE_RECURSION = YES;
				CLANG_WARN_INT_CONVERSION = YES;
				CLANG_WARN_NON_LITERAL_NULL_CONVERSION = YES;
				CLANG_WARN_OBJC_IMPLICIT_RETAIN_SELF = YES;
				CLANG_WARN_OBJC_LITERAL_CONVERSION = YES;
				CLANG_WARN_OBJC_ROOT_CLASS = YES_ERROR;
				CLANG_WARN_QUOTED_INCLUDE_IN_FRAMEWORK_HEADER = YES;
				CLANG_WARN_RANGE_LOOP_ANALYSIS = YES;
				CLANG_WARN_STRICT_PROTOTYPES = YES;
				CLANG_WARN_SUSPICIOUS_MOVE = YES;
				CLANG_WARN_UNGUARDED_AVAILABILITY = YES_AGGRESSIVE;
				CLANG_WARN_UNREACHABLE_CODE = YES;
				CLANG_WARN__DUPLICATE_METHOD_MATCH = YES;
				COPY_PHASE_STRIP = NO;
				DEBUG_INFORMATION_FORMAT = "dwarf-with-dsym";
				ENABLE_NS_ASSERTIONS = NO;
				ENABLE_STRICT_OBJC_MSGSEND = YES;
				GCC_C_LANGUAGE_STANDARD = gnu11;
				GCC_NO_COMMON_BLOCKS = YES;
				GCC_WARN_64_TO_32_BIT_CONVERSION = YES;
				GCC_WARN_ABOUT_RETURN_TYPE = YES_ERROR;
				GCC_WARN_UNDECLARED_SELECTOR = YES;
				GCC_WARN_UNINITIALIZED_AUTOS = YES_AGGRESSIVE;
				GCC_WARN_UNUSED_FUNCTION = YES;
				GCC_WARN_UNUSED_VARIABLE = YES;
				IPHONEOS_DEPLOYMENT_TARGET = 14.0;
				MTL_ENABLE_DEBUG_INFO = NO;
				MTL_FAST_MATH = YES;
				SDKROOT = iphoneos;
				SWIFT_COMPILATION_MODE = wholemodule;
				SWIFT_OPTIMIZATION_LEVEL = "-O";
				VALIDATE_PRODUCT = YES;
			};
			name = Release;
		};
		393A65A7278A32D50042DBC8 /* Debug */ = {
			isa = XCBuildConfiguration;
			buildSettings = {
				ASSETCATALOG_COMPILER_APPICON_NAME = AppIcon;
				ASSETCATALOG_COMPILER_GLOBAL_ACCENT_COLOR_NAME = AccentColor;
				CODE_SIGN_STYLE = Automatic;
				CURRENT_PROJECT_VERSION = 1;
				DEVELOPMENT_TEAM = Y57Y4G6D3V;
				GENERATE_INFOPLIST_FILE = YES;
				INFOPLIST_FILE = LeboncoinTechnicalTest/Ressources/Info.plist;
				INFOPLIST_KEY_UIApplicationSupportsIndirectInputEvents = YES;
				INFOPLIST_KEY_UILaunchStoryboardName = LaunchScreen;
				INFOPLIST_KEY_UISupportedInterfaceOrientations_iPad = "UIInterfaceOrientationPortrait UIInterfaceOrientationPortraitUpsideDown UIInterfaceOrientationLandscapeLeft UIInterfaceOrientationLandscapeRight";
				INFOPLIST_KEY_UISupportedInterfaceOrientations_iPhone = "UIInterfaceOrientationPortrait UIInterfaceOrientationLandscapeLeft UIInterfaceOrientationLandscapeRight";
				LD_RUNPATH_SEARCH_PATHS = (
					"$(inherited)",
					"@executable_path/Frameworks",
				);
				MARKETING_VERSION = 1.0;
				PRODUCT_BUNDLE_IDENTIFIER = com.exomind.LeboncoinTechnicalTest;
				PRODUCT_NAME = "$(TARGET_NAME)";
				SWIFT_EMIT_LOC_STRINGS = YES;
				SWIFT_VERSION = 5.0;
				TARGETED_DEVICE_FAMILY = "1,2";
			};
			name = Debug;
		};
		393A65A8278A32D50042DBC8 /* Release */ = {
			isa = XCBuildConfiguration;
			buildSettings = {
				ASSETCATALOG_COMPILER_APPICON_NAME = AppIcon;
				ASSETCATALOG_COMPILER_GLOBAL_ACCENT_COLOR_NAME = AccentColor;
				CODE_SIGN_STYLE = Automatic;
				CURRENT_PROJECT_VERSION = 1;
				DEVELOPMENT_TEAM = Y57Y4G6D3V;
				GENERATE_INFOPLIST_FILE = YES;
				INFOPLIST_FILE = LeboncoinTechnicalTest/Ressources/Info.plist;
				INFOPLIST_KEY_UIApplicationSupportsIndirectInputEvents = YES;
				INFOPLIST_KEY_UILaunchStoryboardName = LaunchScreen;
				INFOPLIST_KEY_UISupportedInterfaceOrientations_iPad = "UIInterfaceOrientationPortrait UIInterfaceOrientationPortraitUpsideDown UIInterfaceOrientationLandscapeLeft UIInterfaceOrientationLandscapeRight";
				INFOPLIST_KEY_UISupportedInterfaceOrientations_iPhone = "UIInterfaceOrientationPortrait UIInterfaceOrientationLandscapeLeft UIInterfaceOrientationLandscapeRight";
				LD_RUNPATH_SEARCH_PATHS = (
					"$(inherited)",
					"@executable_path/Frameworks",
				);
				MARKETING_VERSION = 1.0;
				PRODUCT_BUNDLE_IDENTIFIER = com.exomind.LeboncoinTechnicalTest;
				PRODUCT_NAME = "$(TARGET_NAME)";
				SWIFT_EMIT_LOC_STRINGS = YES;
				SWIFT_VERSION = 5.0;
				TARGETED_DEVICE_FAMILY = "1,2";
			};
			name = Release;
		};
		393A65AA278A32D50042DBC8 /* Debug */ = {
			isa = XCBuildConfiguration;
			buildSettings = {
				ALWAYS_EMBED_SWIFT_STANDARD_LIBRARIES = YES;
				BUNDLE_LOADER = "$(TEST_HOST)";
				CODE_SIGN_STYLE = Automatic;
				CURRENT_PROJECT_VERSION = 1;
				DEVELOPMENT_TEAM = Y57Y4G6D3V;
				GENERATE_INFOPLIST_FILE = YES;
				IPHONEOS_DEPLOYMENT_TARGET = 15.2;
				MARKETING_VERSION = 1.0;
				PRODUCT_BUNDLE_IDENTIFIER = com.exomind.LeboncoinTechnicalTestTests;
				PRODUCT_NAME = "$(TARGET_NAME)";
				SWIFT_EMIT_LOC_STRINGS = NO;
				SWIFT_VERSION = 5.0;
				TARGETED_DEVICE_FAMILY = "1,2";
				TEST_HOST = "$(BUILT_PRODUCTS_DIR)/LeboncoinTechnicalTest.app/LeboncoinTechnicalTest";
			};
			name = Debug;
		};
		393A65AB278A32D50042DBC8 /* Release */ = {
			isa = XCBuildConfiguration;
			buildSettings = {
				ALWAYS_EMBED_SWIFT_STANDARD_LIBRARIES = YES;
				BUNDLE_LOADER = "$(TEST_HOST)";
				CODE_SIGN_STYLE = Automatic;
				CURRENT_PROJECT_VERSION = 1;
				DEVELOPMENT_TEAM = Y57Y4G6D3V;
				GENERATE_INFOPLIST_FILE = YES;
				IPHONEOS_DEPLOYMENT_TARGET = 15.2;
				MARKETING_VERSION = 1.0;
				PRODUCT_BUNDLE_IDENTIFIER = com.exomind.LeboncoinTechnicalTestTests;
				PRODUCT_NAME = "$(TARGET_NAME)";
				SWIFT_EMIT_LOC_STRINGS = NO;
				SWIFT_VERSION = 5.0;
				TARGETED_DEVICE_FAMILY = "1,2";
				TEST_HOST = "$(BUILT_PRODUCTS_DIR)/LeboncoinTechnicalTest.app/LeboncoinTechnicalTest";
			};
			name = Release;
		};
		393A65AD278A32D50042DBC8 /* Debug */ = {
			isa = XCBuildConfiguration;
			buildSettings = {
				ALWAYS_EMBED_SWIFT_STANDARD_LIBRARIES = YES;
				CODE_SIGN_STYLE = Automatic;
				CURRENT_PROJECT_VERSION = 1;
				DEVELOPMENT_TEAM = Y57Y4G6D3V;
				GENERATE_INFOPLIST_FILE = YES;
				MARKETING_VERSION = 1.0;
				PRODUCT_BUNDLE_IDENTIFIER = com.exomind.LeboncoinTechnicalTestUITests;
				PRODUCT_NAME = "$(TARGET_NAME)";
				SWIFT_EMIT_LOC_STRINGS = NO;
				SWIFT_VERSION = 5.0;
				TARGETED_DEVICE_FAMILY = "1,2";
				TEST_TARGET_NAME = LeboncoinTechnicalTest;
			};
			name = Debug;
		};
		393A65AE278A32D50042DBC8 /* Release */ = {
			isa = XCBuildConfiguration;
			buildSettings = {
				ALWAYS_EMBED_SWIFT_STANDARD_LIBRARIES = YES;
				CODE_SIGN_STYLE = Automatic;
				CURRENT_PROJECT_VERSION = 1;
				DEVELOPMENT_TEAM = Y57Y4G6D3V;
				GENERATE_INFOPLIST_FILE = YES;
				MARKETING_VERSION = 1.0;
				PRODUCT_BUNDLE_IDENTIFIER = com.exomind.LeboncoinTechnicalTestUITests;
				PRODUCT_NAME = "$(TARGET_NAME)";
				SWIFT_EMIT_LOC_STRINGS = NO;
				SWIFT_VERSION = 5.0;
				TARGETED_DEVICE_FAMILY = "1,2";
				TEST_TARGET_NAME = LeboncoinTechnicalTest;
			};
			name = Release;
		};
/* End XCBuildConfiguration section */

/* Begin XCConfigurationList section */
		393A6574278A32D40042DBC8 /* Build configuration list for PBXProject "LeboncoinTechnicalTest" */ = {
			isa = XCConfigurationList;
			buildConfigurations = (
				393A65A4278A32D50042DBC8 /* Debug */,
				393A65A5278A32D50042DBC8 /* Release */,
			);
			defaultConfigurationIsVisible = 0;
			defaultConfigurationName = Release;
		};
		393A65A6278A32D50042DBC8 /* Build configuration list for PBXNativeTarget "LeboncoinTechnicalTest" */ = {
			isa = XCConfigurationList;
			buildConfigurations = (
				393A65A7278A32D50042DBC8 /* Debug */,
				393A65A8278A32D50042DBC8 /* Release */,
			);
			defaultConfigurationIsVisible = 0;
			defaultConfigurationName = Release;
		};
		393A65A9278A32D50042DBC8 /* Build configuration list for PBXNativeTarget "LeboncoinTechnicalTestTests" */ = {
			isa = XCConfigurationList;
			buildConfigurations = (
				393A65AA278A32D50042DBC8 /* Debug */,
				393A65AB278A32D50042DBC8 /* Release */,
			);
			defaultConfigurationIsVisible = 0;
			defaultConfigurationName = Release;
		};
		393A65AC278A32D50042DBC8 /* Build configuration list for PBXNativeTarget "LeboncoinTechnicalTestUITests" */ = {
			isa = XCConfigurationList;
			buildConfigurations = (
				393A65AD278A32D50042DBC8 /* Debug */,
				393A65AE278A32D50042DBC8 /* Release */,
			);
			defaultConfigurationIsVisible = 0;
			defaultConfigurationName = Release;
		};
/* End XCConfigurationList section */

/* Begin XCVersionGroup section */
		393A6585278A32D40042DBC8 /* LeboncoinTechnicalTest.xcdatamodeld */ = {
			isa = XCVersionGroup;
			children = (
				393A6586278A32D40042DBC8 /* LeboncoinTechnicalTest.xcdatamodel */,
			);
			currentVersion = 393A6586278A32D40042DBC8 /* LeboncoinTechnicalTest.xcdatamodel */;
			path = LeboncoinTechnicalTest.xcdatamodeld;
			sourceTree = "<group>";
			versionGroupType = wrapper.xcdatamodel;
		};
/* End XCVersionGroup section */
	};
	rootObject = 393A6571278A32D40042DBC8 /* Project object */;
}
